
Microsoft Visual Studio Solution File, Format Version 12.00
# Visual Studio Version 16
VisualStudioVersion = 16.0.33529.622
MinimumVisualStudioVersion = 10.0.40219.1
Project("{FAE04EC0-301F-11D3-BF4B-00C04F79EFBC}") = "Lojinha", "Lojinha.csproj", "{307277C6-866D-4FD5-B2ED-BF68370F47ED}"
EndProject
Global
	GlobalSection(SolutionConfigurationPlatforms) = preSolution
		Debug|Any CPU = Debug|Any CPU
		Release|Any CPU = Release|Any CPU
	EndGlobalSection
	GlobalSection(ProjectConfigurationPlatforms) = postSolution
		{307277C6-866D-4FD5-B2ED-BF68370F47ED}.Debug|Any CPU.ActiveCfg = Debug|Any CPU
		{307277C6-866D-4FD5-B2ED-BF68370F47ED}.Debug|Any CPU.Build.0 = Debug|Any CPU
		{307277C6-866D-4FD5-B2ED-BF68370F47ED}.Release|Any CPU.ActiveCfg = Release|Any CPU
		{307277C6-866D-4FD5-B2ED-BF68370F47ED}.Release|Any CPU.Build.0 = Release|Any CPU
	EndGlobalSection
	GlobalSection(SolutionProperties) = preSolution
		HideSolutionNode = FALSE
	EndGlobalSection
	GlobalSection(ExtensibilityGlobals) = postSolution
		SolutionGuid = {04076601-9451-4B5A-8522-1A34692253E6}
	EndGlobalSection
EndGlobal
